
Microsoft Visual Studio Solution File, Format Version 12.00
# Visual Studio 14
VisualStudioVersion = 14.0.25420.1
MinimumVisualStudioVersion = 10.0.40219.1
Project("{F184B08F-C81C-45F6-A57F-5ABD9991F28F}") = "gplServiceWcfLibrary", "gplServiceWcfLibrary\gplServiceWcfLibrary.vbproj", "{9098F68F-4CE8-4DB1-BEC5-0E4DB7241FE6}"
EndProject
Project("{F184B08F-C81C-45F6-A57F-5ABD9991F28F}") = "gplWindowsServiceHost", "gplWindowsServiceHost\gplWindowsServiceHost.vbproj", "{D8E51A82-232C-4BF6-AC16-087E29A7F756}"
EndProject
Project("{F184B08F-C81C-45F6-A57F-5ABD9991F28F}") = "gplServiceTest", "gpiServiceTest\gplServiceTest.vbproj", "{E03DC4B5-6F7B-43B3-8B6C-66FA390EE638}"
EndProject
Global
	GlobalSection(SolutionConfigurationPlatforms) = preSolution
		Debug|Any CPU = Debug|Any CPU
		Debug|x86 = Debug|x86
		Release|Any CPU = Release|Any CPU
		Release|x86 = Release|x86
	EndGlobalSection
	GlobalSection(ProjectConfigurationPlatforms) = postSolution
		{9098F68F-4CE8-4DB1-BEC5-0E4DB7241FE6}.Debug|Any CPU.ActiveCfg = Debug|Any CPU
		{9098F68F-4CE8-4DB1-BEC5-0E4DB7241FE6}.Debug|Any CPU.Build.0 = Debug|Any CPU
		{9098F68F-4CE8-4DB1-BEC5-0E4DB7241FE6}.Debug|x86.ActiveCfg = Debug|x86
		{9098F68F-4CE8-4DB1-BEC5-0E4DB7241FE6}.Debug|x86.Build.0 = Debug|x86
		{9098F68F-4CE8-4DB1-BEC5-0E4DB7241FE6}.Release|Any CPU.ActiveCfg = Release|Any CPU
		{9098F68F-4CE8-4DB1-BEC5-0E4DB7241FE6}.Release|Any CPU.Build.0 = Release|Any CPU
		{9098F68F-4CE8-4DB1-BEC5-0E4DB7241FE6}.Release|x86.ActiveCfg = Release|x86
		{9098F68F-4CE8-4DB1-BEC5-0E4DB7241FE6}.Release|x86.Build.0 = Release|x86
		{D8E51A82-232C-4BF6-AC16-087E29A7F756}.Debug|Any CPU.ActiveCfg = Debug|Any CPU
		{D8E51A82-232C-4BF6-AC16-087E29A7F756}.Debug|Any CPU.Build.0 = Debug|Any CPU
		{D8E51A82-232C-4BF6-AC16-087E29A7F756}.Debug|x86.ActiveCfg = Debug|x86
		{D8E51A82-232C-4BF6-AC16-087E29A7F756}.Debug|x86.Build.0 = Debug|x86
		{D8E51A82-232C-4BF6-AC16-087E29A7F756}.Release|Any CPU.ActiveCfg = Release|Any CPU
		{D8E51A82-232C-4BF6-AC16-087E29A7F756}.Release|Any CPU.Build.0 = Release|Any CPU
		{D8E51A82-232C-4BF6-AC16-087E29A7F756}.Release|x86.ActiveCfg = Release|x86
		{D8E51A82-232C-4BF6-AC16-087E29A7F756}.Release|x86.Build.0 = Release|x86
		{E03DC4B5-6F7B-43B3-8B6C-66FA390EE638}.Debug|Any CPU.ActiveCfg = Debug|Any CPU
		{E03DC4B5-6F7B-43B3-8B6C-66FA390EE638}.Debug|Any CPU.Build.0 = Debug|Any CPU
		{E03DC4B5-6F7B-43B3-8B6C-66FA390EE638}.Debug|x86.ActiveCfg = Debug|x86
		{E03DC4B5-6F7B-43B3-8B6C-66FA390EE638}.Debug|x86.Build.0 = Debug|x86
		{E03DC4B5-6F7B-43B3-8B6C-66FA390EE638}.Release|Any CPU.ActiveCfg = Release|Any CPU
		{E03DC4B5-6F7B-43B3-8B6C-66FA390EE638}.Release|Any CPU.Build.0 = Release|Any CPU
		{E03DC4B5-6F7B-43B3-8B6C-66FA390EE638}.Release|x86.ActiveCfg = Release|x86
		{E03DC4B5-6F7B-43B3-8B6C-66FA390EE638}.Release|x86.Build.0 = Release|x86
	EndGlobalSection
	GlobalSection(SolutionProperties) = preSolution
		HideSolutionNode = FALSE
	EndGlobalSection
	GlobalSection(TeamFoundationVersionControl) = preSolution
		SccNumberOfProjects = 4
		SccEnterpriseProvider = {4CA58AB2-18FA-4F8D-95D4-32DDF27D184C}
		SccTeamFoundationServer = http://172.22.24.68:8080/tfs/clgi
		SccLocalPath0 = .
		SccProjectUniqueName1 = gplServiceWcfLibrary\\gplServiceWcfLibrary.vbproj
		SccProjectName1 = gplServiceWcfLibrary
		SccLocalPath1 = gplServiceWcfLibrary
		SccProjectUniqueName2 = gplWindowsServiceHost\\gplWindowsServiceHost.vbproj
		SccProjectName2 = gplWindowsServiceHost
		SccLocalPath2 = gplWindowsServiceHost
		SccProjectUniqueName3 = gpiServiceTest\\gplServiceTest.vbproj
		SccProjectName3 = gpiServiceTest
		SccLocalPath3 = gpiServiceTest
	EndGlobalSection
EndGlobal
